
Microsoft Visual Studio Solution File, Format Version 12.00
# Visual Studio Version 16
VisualStudioVersion = 16.0.31321.278
MinimumVisualStudioVersion = 10.0.40219.1
Project("{9A19103F-16F7-4668-BE54-9A1E7A4F7556}") = "NAudio Stream MP example", "MarieAmp\NAudio Stream MP example.csproj", "{AEC9241E-0652-4FF9-8984-7C296D5425BE}"
EndProject
Global
	GlobalSection(SolutionConfigurationPlatforms) = preSolution
		Debug|Any CPU = Debug|Any CPU
		Release|Any CPU = Release|Any CPU
	EndGlobalSection
	GlobalSection(ProjectConfigurationPlatforms) = postSolution
		{AEC9241E-0652-4FF9-8984-7C296D5425BE}.Debug|Any CPU.ActiveCfg = Debug|Any CPU
		{AEC9241E-0652-4FF9-8984-7C296D5425BE}.Debug|Any CPU.Build.0 = Debug|Any CPU
		{AEC9241E-0652-4FF9-8984-7C296D5425BE}.Release|Any CPU.ActiveCfg = Release|Any CPU
		{AEC9241E-0652-4FF9-8984-7C296D5425BE}.Release|Any CPU.Build.0 = Release|Any CPU
	EndGlobalSection
	GlobalSection(SolutionProperties) = preSolution
		HideSolutionNode = FALSE
	EndGlobalSection
	GlobalSection(ExtensibilityGlobals) = postSolution
		SolutionGuid = {1AB9372B-9259-4651-9F99-FFEB00CF1E9A}
	EndGlobalSection
EndGlobal
